
Microsoft Visual Studio Solution File, Format Version 12.00
# Visual Studio 2012
Project("{FAE04EC0-301F-11D3-BF4B-00C04F79EFBC}") = "UCNLNav", "UCNLNav\UCNLNav.csproj", "{12CD9671-592E-4697-A970-F27538177563}"
EndProject
Global
	GlobalSection(SolutionConfigurationPlatforms) = preSolution
		Debug|Any CPU = Debug|Any CPU
		Release|Any CPU = Release|Any CPU
	EndGlobalSection
	GlobalSection(ProjectConfigurationPlatforms) = postSolution
		{12CD9671-592E-4697-A970-F27538177563}.Debug|Any CPU.ActiveCfg = Release|Any CPU
		{12CD9671-592E-4697-A970-F27538177563}.Debug|Any CPU.Build.0 = Release|Any CPU
		{12CD9671-592E-4697-A970-F27538177563}.Release|Any CPU.ActiveCfg = Release|Any CPU
		{12CD9671-592E-4697-A970-F27538177563}.Release|Any CPU.Build.0 = Release|Any CPU
	EndGlobalSection
	GlobalSection(SolutionProperties) = preSolution
		HideSolutionNode = FALSE
	EndGlobalSection
EndGlobal
